
Microsoft Visual Studio Solution File, Format Version 12.00
Project("{FAE04EC0-301F-11D3-BF4B-00C04F79EFBC}") = "BiblioClub.Parser", "Parsers\BiblioClub.Parser\BiblioClub.Parser.csproj", "{9555FC84-CBDA-4383-A1A4-2058AAF4481E}"
EndProject
Project("{FAE04EC0-301F-11D3-BF4B-00C04F79EFBC}") = "IprBookShop.Parser", "Parsers\IprBookShop.Parser\IprBookShop.Parser.csproj", "{3B2C5124-0CAE-468F-8DAE-FBFABC60DB4A}"
EndProject
Project("{FAE04EC0-301F-11D3-BF4B-00C04F79EFBC}") = "LanBook.Parser", "Parsers\LanBook.Parser\LanBook.Parser.csproj", "{CED36859-A2EA-45EC-A017-4ED866452425}"
EndProject
Project("{FAE04EC0-301F-11D3-BF4B-00C04F79EFBC}") = "Urait.Parser", "Parsers\Urait.Parser\Urait.Parser.csproj", "{12B40FFD-DB2D-4A2B-85ED-007A463F5E94}"
EndProject
Project("{FAE04EC0-301F-11D3-BF4B-00C04F79EFBC}") = "Znanium.Parser", "Parsers\Znanium.Parser\Znanium.Parser.csproj", "{DBA822AD-1633-4208-B34E-6233DC2444D7}"
EndProject
Project("{2150E333-8FDC-42A3-9474-1A3956D46DE8}") = "Common", "Common", "{18862BC7-8285-4D43-8582-A2277AF96667}"
EndProject
Project("{2150E333-8FDC-42A3-9474-1A3956D46DE8}") = "Parsers", "Parsers", "{BE6D9B84-7A7A-4ECA-BD88-AA442D3E5771}"
EndProject
Project("{2150E333-8FDC-42A3-9474-1A3956D46DE8}") = "Comparer", "Comparer", "{CFDA5891-3DDC-44BF-B24A-D222A78B9EEF}"
EndProject
Project("{FAE04EC0-301F-11D3-BF4B-00C04F79EFBC}") = "Book.Comparer.Logic", "Comparer\Book.Comparer.Logic\Book.Comparer.Logic.csproj", "{529AD89C-BA42-4D78-A6A4-7EBBCF25E1AC}"
EndProject
Project("{FAE04EC0-301F-11D3-BF4B-00C04F79EFBC}") = "Book.Comparer", "Comparer\Book.Comparer\Book.Comparer.csproj", "{002F3024-042A-46D3-A228-D972AEDDB13E}"
EndProject
Project("{FAE04EC0-301F-11D3-BF4B-00C04F79EFBC}") = "AcademiaMoscow.Parser", "Parsers\AcademiaMoscow.Parser\AcademiaMoscow.Parser.csproj", "{156C460B-63CB-4240-9ABC-5A9F48CF3F78}"
EndProject
Project("{FAE04EC0-301F-11D3-BF4B-00C04F79EFBC}") = "Core", "Common\Core\Core.csproj", "{8A31A657-7AA4-498E-B2C1-21B3B30404B4}"
EndProject
Project("{FAE04EC0-301F-11D3-BF4B-00C04F79EFBC}") = "Parser.Core", "Common\Parser.Core\Parser.Core.csproj", "{656F8E25-1D69-4E2E-B42C-9760E580B7DF}"
EndProject
Project("{FAE04EC0-301F-11D3-BF4B-00C04F79EFBC}") = "IBooks.Parser", "Parsers\IBooks.Parser\IBooks.Parser.csproj", "{EC5264D5-8C36-425B-B24B-941D35681F0B}"
EndProject
Project("{FAE04EC0-301F-11D3-BF4B-00C04F79EFBC}") = "BookRu.Parser", "Parsers\BookRu.Parser\BookRu.Parser.csproj", "{A2F9AB48-6B5E-4550-B4F9-5FBFCA30F8DF}"
EndProject
Project("{FAE04EC0-301F-11D3-BF4B-00C04F79EFBC}") = "RuCont.Parser", "Parsers\RuCont.Parser\RuCont.Parser.csproj", "{F6B59CA3-29C5-4369-8010-2D62EA9FDFE5}"
EndProject
Project("{FAE04EC0-301F-11D3-BF4B-00C04F79EFBC}") = "BiblioRossica.Parser", "Parsers\BiblioRossica.Parser\BiblioRossica.Parser.csproj", "{4A80AB4A-C740-4141-81D1-C6417FAABEF0}"
EndProject
Project("{FAE04EC0-301F-11D3-BF4B-00C04F79EFBC}") = "StudentLibrary.Parser", "Parsers\StudentLibrary.Parser\StudentLibrary.Parser.csproj", "{16FA881E-AA61-47B7-B8A9-4BD6E53D4DCC}"
EndProject
Global
	GlobalSection(SolutionConfigurationPlatforms) = preSolution
		Debug|Any CPU = Debug|Any CPU
		Release|Any CPU = Release|Any CPU
	EndGlobalSection
	GlobalSection(ProjectConfigurationPlatforms) = postSolution
		{3B2C5124-0CAE-468F-8DAE-FBFABC60DB4A}.Debug|Any CPU.ActiveCfg = Debug|Any CPU
		{3B2C5124-0CAE-468F-8DAE-FBFABC60DB4A}.Debug|Any CPU.Build.0 = Debug|Any CPU
		{3B2C5124-0CAE-468F-8DAE-FBFABC60DB4A}.Release|Any CPU.ActiveCfg = Release|Any CPU
		{3B2C5124-0CAE-468F-8DAE-FBFABC60DB4A}.Release|Any CPU.Build.0 = Release|Any CPU
		{3B2C5124-0CAE-468F-8DAE-FBFABC60DB4A}.Release|Any CPU.Deploy.0 = Release|Any CPU
		{CED36859-A2EA-45EC-A017-4ED866452425}.Debug|Any CPU.ActiveCfg = Debug|Any CPU
		{CED36859-A2EA-45EC-A017-4ED866452425}.Debug|Any CPU.Build.0 = Debug|Any CPU
		{CED36859-A2EA-45EC-A017-4ED866452425}.Release|Any CPU.ActiveCfg = Release|Any CPU
		{CED36859-A2EA-45EC-A017-4ED866452425}.Release|Any CPU.Build.0 = Release|Any CPU
		{CED36859-A2EA-45EC-A017-4ED866452425}.Release|Any CPU.Deploy.0 = Release|Any CPU
		{12B40FFD-DB2D-4A2B-85ED-007A463F5E94}.Debug|Any CPU.ActiveCfg = Debug|Any CPU
		{12B40FFD-DB2D-4A2B-85ED-007A463F5E94}.Debug|Any CPU.Build.0 = Debug|Any CPU
		{12B40FFD-DB2D-4A2B-85ED-007A463F5E94}.Release|Any CPU.ActiveCfg = Release|Any CPU
		{12B40FFD-DB2D-4A2B-85ED-007A463F5E94}.Release|Any CPU.Build.0 = Release|Any CPU
		{12B40FFD-DB2D-4A2B-85ED-007A463F5E94}.Release|Any CPU.Deploy.0 = Release|Any CPU
		{DBA822AD-1633-4208-B34E-6233DC2444D7}.Debug|Any CPU.ActiveCfg = Debug|Any CPU
		{DBA822AD-1633-4208-B34E-6233DC2444D7}.Debug|Any CPU.Build.0 = Debug|Any CPU
		{DBA822AD-1633-4208-B34E-6233DC2444D7}.Release|Any CPU.ActiveCfg = Release|Any CPU
		{DBA822AD-1633-4208-B34E-6233DC2444D7}.Release|Any CPU.Build.0 = Release|Any CPU
		{DBA822AD-1633-4208-B34E-6233DC2444D7}.Release|Any CPU.Deploy.0 = Release|Any CPU
		{9555FC84-CBDA-4383-A1A4-2058AAF4481E}.Debug|Any CPU.ActiveCfg = Debug|Any CPU
		{9555FC84-CBDA-4383-A1A4-2058AAF4481E}.Debug|Any CPU.Build.0 = Debug|Any CPU
		{9555FC84-CBDA-4383-A1A4-2058AAF4481E}.Release|Any CPU.ActiveCfg = Release|Any CPU
		{9555FC84-CBDA-4383-A1A4-2058AAF4481E}.Release|Any CPU.Build.0 = Release|Any CPU
		{9555FC84-CBDA-4383-A1A4-2058AAF4481E}.Release|Any CPU.Deploy.0 = Release|Any CPU
		{529AD89C-BA42-4D78-A6A4-7EBBCF25E1AC}.Debug|Any CPU.ActiveCfg = Debug|Any CPU
		{529AD89C-BA42-4D78-A6A4-7EBBCF25E1AC}.Debug|Any CPU.Build.0 = Debug|Any CPU
		{529AD89C-BA42-4D78-A6A4-7EBBCF25E1AC}.Release|Any CPU.ActiveCfg = Release|Any CPU
		{529AD89C-BA42-4D78-A6A4-7EBBCF25E1AC}.Release|Any CPU.Build.0 = Release|Any CPU
		{529AD89C-BA42-4D78-A6A4-7EBBCF25E1AC}.Release|Any CPU.Deploy.0 = Release|Any CPU
		{002F3024-042A-46D3-A228-D972AEDDB13E}.Debug|Any CPU.ActiveCfg = Debug|Any CPU
		{002F3024-042A-46D3-A228-D972AEDDB13E}.Debug|Any CPU.Build.0 = Debug|Any CPU
		{002F3024-042A-46D3-A228-D972AEDDB13E}.Release|Any CPU.ActiveCfg = Release|Any CPU
		{002F3024-042A-46D3-A228-D972AEDDB13E}.Release|Any CPU.Build.0 = Release|Any CPU
		{002F3024-042A-46D3-A228-D972AEDDB13E}.Release|Any CPU.Deploy.0 = Release|Any CPU
		{156C460B-63CB-4240-9ABC-5A9F48CF3F78}.Debug|Any CPU.ActiveCfg = Debug|Any CPU
		{156C460B-63CB-4240-9ABC-5A9F48CF3F78}.Debug|Any CPU.Build.0 = Debug|Any CPU
		{156C460B-63CB-4240-9ABC-5A9F48CF3F78}.Release|Any CPU.ActiveCfg = Release|Any CPU
		{156C460B-63CB-4240-9ABC-5A9F48CF3F78}.Release|Any CPU.Build.0 = Release|Any CPU
		{156C460B-63CB-4240-9ABC-5A9F48CF3F78}.Release|Any CPU.Deploy.0 = Release|Any CPU
		{8A31A657-7AA4-498E-B2C1-21B3B30404B4}.Debug|Any CPU.ActiveCfg = Debug|Any CPU
		{8A31A657-7AA4-498E-B2C1-21B3B30404B4}.Debug|Any CPU.Build.0 = Debug|Any CPU
		{8A31A657-7AA4-498E-B2C1-21B3B30404B4}.Release|Any CPU.ActiveCfg = Release|Any CPU
		{8A31A657-7AA4-498E-B2C1-21B3B30404B4}.Release|Any CPU.Build.0 = Release|Any CPU
		{8A31A657-7AA4-498E-B2C1-21B3B30404B4}.Release|Any CPU.Deploy.0 = Release|Any CPU
		{656F8E25-1D69-4E2E-B42C-9760E580B7DF}.Debug|Any CPU.ActiveCfg = Debug|Any CPU
		{656F8E25-1D69-4E2E-B42C-9760E580B7DF}.Debug|Any CPU.Build.0 = Debug|Any CPU
		{656F8E25-1D69-4E2E-B42C-9760E580B7DF}.Release|Any CPU.ActiveCfg = Release|Any CPU
		{656F8E25-1D69-4E2E-B42C-9760E580B7DF}.Release|Any CPU.Build.0 = Release|Any CPU
		{656F8E25-1D69-4E2E-B42C-9760E580B7DF}.Release|Any CPU.Deploy.0 = Release|Any CPU
		{EC5264D5-8C36-425B-B24B-941D35681F0B}.Debug|Any CPU.ActiveCfg = Debug|Any CPU
		{EC5264D5-8C36-425B-B24B-941D35681F0B}.Debug|Any CPU.Build.0 = Debug|Any CPU
		{EC5264D5-8C36-425B-B24B-941D35681F0B}.Release|Any CPU.ActiveCfg = Release|Any CPU
		{EC5264D5-8C36-425B-B24B-941D35681F0B}.Release|Any CPU.Build.0 = Release|Any CPU
		{EC5264D5-8C36-425B-B24B-941D35681F0B}.Release|Any CPU.Deploy.0 = Release|Any CPU
		{A2F9AB48-6B5E-4550-B4F9-5FBFCA30F8DF}.Debug|Any CPU.ActiveCfg = Debug|Any CPU
		{A2F9AB48-6B5E-4550-B4F9-5FBFCA30F8DF}.Debug|Any CPU.Build.0 = Debug|Any CPU
		{A2F9AB48-6B5E-4550-B4F9-5FBFCA30F8DF}.Release|Any CPU.ActiveCfg = Release|Any CPU
		{A2F9AB48-6B5E-4550-B4F9-5FBFCA30F8DF}.Release|Any CPU.Build.0 = Release|Any CPU
		{A2F9AB48-6B5E-4550-B4F9-5FBFCA30F8DF}.Release|Any CPU.Deploy.0 = Release|Any CPU
		{F6B59CA3-29C5-4369-8010-2D62EA9FDFE5}.Debug|Any CPU.ActiveCfg = Debug|Any CPU
		{F6B59CA3-29C5-4369-8010-2D62EA9FDFE5}.Debug|Any CPU.Build.0 = Debug|Any CPU
		{F6B59CA3-29C5-4369-8010-2D62EA9FDFE5}.Release|Any CPU.ActiveCfg = Release|Any CPU
		{F6B59CA3-29C5-4369-8010-2D62EA9FDFE5}.Release|Any CPU.Build.0 = Release|Any CPU
		{F6B59CA3-29C5-4369-8010-2D62EA9FDFE5}.Release|Any CPU.Deploy.0 = Release|Any CPU
		{4A80AB4A-C740-4141-81D1-C6417FAABEF0}.Debug|Any CPU.ActiveCfg = Debug|Any CPU
		{4A80AB4A-C740-4141-81D1-C6417FAABEF0}.Debug|Any CPU.Build.0 = Debug|Any CPU
		{4A80AB4A-C740-4141-81D1-C6417FAABEF0}.Release|Any CPU.ActiveCfg = Release|Any CPU
		{4A80AB4A-C740-4141-81D1-C6417FAABEF0}.Release|Any CPU.Build.0 = Release|Any CPU
		{4A80AB4A-C740-4141-81D1-C6417FAABEF0}.Release|Any CPU.Deploy.0 = Release|Any CPU
		{16FA881E-AA61-47B7-B8A9-4BD6E53D4DCC}.Debug|Any CPU.ActiveCfg = Debug|Any CPU
		{16FA881E-AA61-47B7-B8A9-4BD6E53D4DCC}.Debug|Any CPU.Build.0 = Debug|Any CPU
		{16FA881E-AA61-47B7-B8A9-4BD6E53D4DCC}.Release|Any CPU.ActiveCfg = Release|Any CPU
		{16FA881E-AA61-47B7-B8A9-4BD6E53D4DCC}.Release|Any CPU.Build.0 = Release|Any CPU
	EndGlobalSection
	GlobalSection(NestedProjects) = preSolution
		{9555FC84-CBDA-4383-A1A4-2058AAF4481E} = {BE6D9B84-7A7A-4ECA-BD88-AA442D3E5771}
		{3B2C5124-0CAE-468F-8DAE-FBFABC60DB4A} = {BE6D9B84-7A7A-4ECA-BD88-AA442D3E5771}
		{CED36859-A2EA-45EC-A017-4ED866452425} = {BE6D9B84-7A7A-4ECA-BD88-AA442D3E5771}
		{12B40FFD-DB2D-4A2B-85ED-007A463F5E94} = {BE6D9B84-7A7A-4ECA-BD88-AA442D3E5771}
		{DBA822AD-1633-4208-B34E-6233DC2444D7} = {BE6D9B84-7A7A-4ECA-BD88-AA442D3E5771}
		{529AD89C-BA42-4D78-A6A4-7EBBCF25E1AC} = {CFDA5891-3DDC-44BF-B24A-D222A78B9EEF}
		{002F3024-042A-46D3-A228-D972AEDDB13E} = {CFDA5891-3DDC-44BF-B24A-D222A78B9EEF}
		{156C460B-63CB-4240-9ABC-5A9F48CF3F78} = {BE6D9B84-7A7A-4ECA-BD88-AA442D3E5771}
		{8A31A657-7AA4-498E-B2C1-21B3B30404B4} = {18862BC7-8285-4D43-8582-A2277AF96667}
		{656F8E25-1D69-4E2E-B42C-9760E580B7DF} = {18862BC7-8285-4D43-8582-A2277AF96667}
		{EC5264D5-8C36-425B-B24B-941D35681F0B} = {BE6D9B84-7A7A-4ECA-BD88-AA442D3E5771}
		{A2F9AB48-6B5E-4550-B4F9-5FBFCA30F8DF} = {BE6D9B84-7A7A-4ECA-BD88-AA442D3E5771}
		{F6B59CA3-29C5-4369-8010-2D62EA9FDFE5} = {BE6D9B84-7A7A-4ECA-BD88-AA442D3E5771}
		{4A80AB4A-C740-4141-81D1-C6417FAABEF0} = {BE6D9B84-7A7A-4ECA-BD88-AA442D3E5771}
		{16FA881E-AA61-47B7-B8A9-4BD6E53D4DCC} = {BE6D9B84-7A7A-4ECA-BD88-AA442D3E5771}
	EndGlobalSection
EndGlobal
