
Microsoft Visual Studio Solution File, Format Version 12.00
Project("{FAE04EC0-301F-11D3-BF4B-00C04F79EFBC}") = "BiblioClub.Parser", "Parsers\BiblioClub.Parser\BiblioClub.Parser.csproj", "{9555FC84-CBDA-4383-A1A4-2058AAF4481E}"
EndProject
Project("{FAE04EC0-301F-11D3-BF4B-00C04F79EFBC}") = "IprBookShop.Parser", "Parsers\IprBookShop.Parser\IprBookShop.Parser.csproj", "{3B2C5124-0CAE-468F-8DAE-FBFABC60DB4A}"
EndProject
Project("{FAE04EC0-301F-11D3-BF4B-00C04F79EFBC}") = "LanBook.Parser", "Parsers\LanBook.Parser\LanBook.Parser.csproj", "{CED36859-A2EA-45EC-A017-4ED866452425}"
EndProject
Project("{FAE04EC0-301F-11D3-BF4B-00C04F79EFBC}") = "Urait.Parser", "Parsers\Urait.Parser\Urait.Parser.csproj", "{12B40FFD-DB2D-4A2B-85ED-007A463F5E94}"
EndProject
Project("{FAE04EC0-301F-11D3-BF4B-00C04F79EFBC}") = "Znanium.Parser", "Parsers\Znanium.Parser\Znanium.Parser.csproj", "{DBA822AD-1633-4208-B34E-6233DC2444D7}"
EndProject
Project("{FAE04EC0-301F-11D3-BF4B-00C04F79EFBC}") = "Core", "Core\Core.csproj", "{006F1D4E-A7F6-4808-8E56-2519B3DCE25F}"
EndProject
Project("{FAE04EC0-301F-11D3-BF4B-00C04F79EFBC}") = "Sandbox", "Sandbox\Sandbox.csproj", "{558AC21C-5B6A-4CB8-8A7D-FC3CF786F2F0}"
EndProject
Project("{2150E333-8FDC-42A3-9474-1A3956D46DE8}") = "Common", "Common", "{18862BC7-8285-4D43-8582-A2277AF96667}"
EndProject
Project("{2150E333-8FDC-42A3-9474-1A3956D46DE8}") = "Parsers", "Parsers", "{BE6D9B84-7A7A-4ECA-BD88-AA442D3E5771}"
EndProject
Project("{FAE04EC0-301F-11D3-BF4B-00C04F79EFBC}") = "Parser.Core", "Parser.Core\Parser.Core.csproj", "{6154106C-EA14-4D93-8807-D1B31EAC37C1}"
EndProject
Project("{2150E333-8FDC-42A3-9474-1A3956D46DE8}") = "Comparer", "Comparer", "{CFDA5891-3DDC-44BF-B24A-D222A78B9EEF}"
EndProject
Project("{FAE04EC0-301F-11D3-BF4B-00C04F79EFBC}") = "Book.Comparer.Logic", "Comparer\Book.Comparer.Logic\Book.Comparer.Logic.csproj", "{529AD89C-BA42-4D78-A6A4-7EBBCF25E1AC}"
EndProject
Project("{FAE04EC0-301F-11D3-BF4B-00C04F79EFBC}") = "Book.Comparer", "Comparer\Book.Comparer\Book.Comparer.csproj", "{002F3024-042A-46D3-A228-D972AEDDB13E}"
EndProject
Project("{FAE04EC0-301F-11D3-BF4B-00C04F79EFBC}") = "AcademiaMoscow.Parser", "Parsers\AcademiaMoscow.Parser\AcademiaMoscow.Parser.csproj", "{156C460B-63CB-4240-9ABC-5A9F48CF3F78}"
EndProject
Global
	GlobalSection(SolutionConfigurationPlatforms) = preSolution
		Debug|Any CPU = Debug|Any CPU
		Release|Any CPU = Release|Any CPU
	EndGlobalSection
	GlobalSection(ProjectConfigurationPlatforms) = postSolution
		{3B2C5124-0CAE-468F-8DAE-FBFABC60DB4A}.Debug|Any CPU.ActiveCfg = Debug|Any CPU
		{3B2C5124-0CAE-468F-8DAE-FBFABC60DB4A}.Debug|Any CPU.Build.0 = Debug|Any CPU
		{3B2C5124-0CAE-468F-8DAE-FBFABC60DB4A}.Release|Any CPU.ActiveCfg = Release|Any CPU
		{3B2C5124-0CAE-468F-8DAE-FBFABC60DB4A}.Release|Any CPU.Build.0 = Release|Any CPU
		{3B2C5124-0CAE-468F-8DAE-FBFABC60DB4A}.Release|Any CPU.Deploy.0 = Release|Any CPU
		{CED36859-A2EA-45EC-A017-4ED866452425}.Debug|Any CPU.ActiveCfg = Debug|Any CPU
		{CED36859-A2EA-45EC-A017-4ED866452425}.Debug|Any CPU.Build.0 = Debug|Any CPU
		{CED36859-A2EA-45EC-A017-4ED866452425}.Release|Any CPU.ActiveCfg = Release|Any CPU
		{CED36859-A2EA-45EC-A017-4ED866452425}.Release|Any CPU.Build.0 = Release|Any CPU
		{CED36859-A2EA-45EC-A017-4ED866452425}.Release|Any CPU.Deploy.0 = Release|Any CPU
		{12B40FFD-DB2D-4A2B-85ED-007A463F5E94}.Debug|Any CPU.ActiveCfg = Debug|Any CPU
		{12B40FFD-DB2D-4A2B-85ED-007A463F5E94}.Debug|Any CPU.Build.0 = Debug|Any CPU
		{12B40FFD-DB2D-4A2B-85ED-007A463F5E94}.Release|Any CPU.ActiveCfg = Release|Any CPU
		{12B40FFD-DB2D-4A2B-85ED-007A463F5E94}.Release|Any CPU.Build.0 = Release|Any CPU
		{12B40FFD-DB2D-4A2B-85ED-007A463F5E94}.Release|Any CPU.Deploy.0 = Release|Any CPU
		{DBA822AD-1633-4208-B34E-6233DC2444D7}.Debug|Any CPU.ActiveCfg = Debug|Any CPU
		{DBA822AD-1633-4208-B34E-6233DC2444D7}.Debug|Any CPU.Build.0 = Debug|Any CPU
		{DBA822AD-1633-4208-B34E-6233DC2444D7}.Release|Any CPU.ActiveCfg = Release|Any CPU
		{DBA822AD-1633-4208-B34E-6233DC2444D7}.Release|Any CPU.Build.0 = Release|Any CPU
		{DBA822AD-1633-4208-B34E-6233DC2444D7}.Release|Any CPU.Deploy.0 = Release|Any CPU
		{9555FC84-CBDA-4383-A1A4-2058AAF4481E}.Debug|Any CPU.ActiveCfg = Debug|Any CPU
		{9555FC84-CBDA-4383-A1A4-2058AAF4481E}.Debug|Any CPU.Build.0 = Debug|Any CPU
		{9555FC84-CBDA-4383-A1A4-2058AAF4481E}.Release|Any CPU.ActiveCfg = Release|Any CPU
		{9555FC84-CBDA-4383-A1A4-2058AAF4481E}.Release|Any CPU.Build.0 = Release|Any CPU
		{9555FC84-CBDA-4383-A1A4-2058AAF4481E}.Release|Any CPU.Deploy.0 = Release|Any CPU
		{006F1D4E-A7F6-4808-8E56-2519B3DCE25F}.Debug|Any CPU.ActiveCfg = Debug|Any CPU
		{006F1D4E-A7F6-4808-8E56-2519B3DCE25F}.Debug|Any CPU.Build.0 = Debug|Any CPU
		{006F1D4E-A7F6-4808-8E56-2519B3DCE25F}.Release|Any CPU.ActiveCfg = Release|Any CPU
		{006F1D4E-A7F6-4808-8E56-2519B3DCE25F}.Release|Any CPU.Build.0 = Release|Any CPU
		{006F1D4E-A7F6-4808-8E56-2519B3DCE25F}.Release|Any CPU.Deploy.0 = Release|Any CPU
		{558AC21C-5B6A-4CB8-8A7D-FC3CF786F2F0}.Debug|Any CPU.ActiveCfg = Debug|Any CPU
		{558AC21C-5B6A-4CB8-8A7D-FC3CF786F2F0}.Release|Any CPU.ActiveCfg = Release|Any CPU
		{6154106C-EA14-4D93-8807-D1B31EAC37C1}.Debug|Any CPU.ActiveCfg = Debug|Any CPU
		{6154106C-EA14-4D93-8807-D1B31EAC37C1}.Debug|Any CPU.Build.0 = Debug|Any CPU
		{6154106C-EA14-4D93-8807-D1B31EAC37C1}.Release|Any CPU.ActiveCfg = Release|Any CPU
		{6154106C-EA14-4D93-8807-D1B31EAC37C1}.Release|Any CPU.Build.0 = Release|Any CPU
		{6154106C-EA14-4D93-8807-D1B31EAC37C1}.Release|Any CPU.Deploy.0 = Release|Any CPU
		{529AD89C-BA42-4D78-A6A4-7EBBCF25E1AC}.Debug|Any CPU.ActiveCfg = Debug|Any CPU
		{529AD89C-BA42-4D78-A6A4-7EBBCF25E1AC}.Debug|Any CPU.Build.0 = Debug|Any CPU
		{529AD89C-BA42-4D78-A6A4-7EBBCF25E1AC}.Release|Any CPU.ActiveCfg = Release|Any CPU
		{529AD89C-BA42-4D78-A6A4-7EBBCF25E1AC}.Release|Any CPU.Build.0 = Release|Any CPU
		{529AD89C-BA42-4D78-A6A4-7EBBCF25E1AC}.Release|Any CPU.Deploy.0 = Release|Any CPU
		{002F3024-042A-46D3-A228-D972AEDDB13E}.Debug|Any CPU.ActiveCfg = Debug|Any CPU
		{002F3024-042A-46D3-A228-D972AEDDB13E}.Debug|Any CPU.Build.0 = Debug|Any CPU
		{002F3024-042A-46D3-A228-D972AEDDB13E}.Release|Any CPU.ActiveCfg = Release|Any CPU
		{002F3024-042A-46D3-A228-D972AEDDB13E}.Release|Any CPU.Build.0 = Release|Any CPU
		{002F3024-042A-46D3-A228-D972AEDDB13E}.Release|Any CPU.Deploy.0 = Release|Any CPU
		{156C460B-63CB-4240-9ABC-5A9F48CF3F78}.Debug|Any CPU.ActiveCfg = Debug|Any CPU
		{156C460B-63CB-4240-9ABC-5A9F48CF3F78}.Debug|Any CPU.Build.0 = Debug|Any CPU
		{156C460B-63CB-4240-9ABC-5A9F48CF3F78}.Release|Any CPU.ActiveCfg = Release|Any CPU
		{156C460B-63CB-4240-9ABC-5A9F48CF3F78}.Release|Any CPU.Build.0 = Release|Any CPU
		{156C460B-63CB-4240-9ABC-5A9F48CF3F78}.Release|Any CPU.Deploy.0 = Release|Any CPU
	EndGlobalSection
	GlobalSection(NestedProjects) = preSolution
		{006F1D4E-A7F6-4808-8E56-2519B3DCE25F} = {18862BC7-8285-4D43-8582-A2277AF96667}
		{6154106C-EA14-4D93-8807-D1B31EAC37C1} = {18862BC7-8285-4D43-8582-A2277AF96667}
		{9555FC84-CBDA-4383-A1A4-2058AAF4481E} = {BE6D9B84-7A7A-4ECA-BD88-AA442D3E5771}
		{3B2C5124-0CAE-468F-8DAE-FBFABC60DB4A} = {BE6D9B84-7A7A-4ECA-BD88-AA442D3E5771}
		{CED36859-A2EA-45EC-A017-4ED866452425} = {BE6D9B84-7A7A-4ECA-BD88-AA442D3E5771}
		{12B40FFD-DB2D-4A2B-85ED-007A463F5E94} = {BE6D9B84-7A7A-4ECA-BD88-AA442D3E5771}
		{DBA822AD-1633-4208-B34E-6233DC2444D7} = {BE6D9B84-7A7A-4ECA-BD88-AA442D3E5771}
		{529AD89C-BA42-4D78-A6A4-7EBBCF25E1AC} = {CFDA5891-3DDC-44BF-B24A-D222A78B9EEF}
		{002F3024-042A-46D3-A228-D972AEDDB13E} = {CFDA5891-3DDC-44BF-B24A-D222A78B9EEF}
		{156C460B-63CB-4240-9ABC-5A9F48CF3F78} = {BE6D9B84-7A7A-4ECA-BD88-AA442D3E5771}
	EndGlobalSection
EndGlobal
